// !$*UTF8*$!
{
	archiveVersion = 1;
	classes = {
	};
	objectVersion = 50;
	objects = {

/* Begin PBXBuildFile section */
		C68FC959263593CB003F6C6F /* Git_ProjectApp.swift in Sources */ = {isa = PBXBuildFile; fileRef = C68FC946263593C2003F6C6F /* Git_ProjectApp.swift */; };
		C68FC95A263593CB003F6C6F /* Git_ProjectApp.swift in Sources */ = {isa = PBXBuildFile; fileRef = C68FC946263593C2003F6C6F /* Git_ProjectApp.swift */; };
		C68FC95B263593CB003F6C6F /* ContentView.swift in Sources */ = {isa = PBXBuildFile; fileRef = C68FC947263593C2003F6C6F /* ContentView.swift */; };
		C68FC95C263593CB003F6C6F /* ContentView.swift in Sources */ = {isa = PBXBuildFile; fileRef = C68FC947263593C2003F6C6F /* ContentView.swift */; };
		C68FC95D263593CB003F6C6F /* Assets.xcassets in Resources */ = {isa = PBXBuildFile; fileRef = C68FC948263593CB003F6C6F /* Assets.xcassets */; };
		C68FC95E263593CB003F6C6F /* Assets.xcassets in Resources */ = {isa = PBXBuildFile; fileRef = C68FC948263593CB003F6C6F /* Assets.xcassets */; };
/* End PBXBuildFile section */

/* Begin PBXFileReference section */
		C68FC946263593C2003F6C6F /* Git_ProjectApp.swift */ = {isa = PBXFileReference; lastKnownFileType = sourcecode.swift; path = Git_ProjectApp.swift; sourceTree = "<group>"; };
		C68FC947263593C2003F6C6F /* ContentView.swift */ = {isa = PBXFileReference; lastKnownFileType = sourcecode.swift; path = ContentView.swift; sourceTree = "<group>"; };
		C68FC948263593CB003F6C6F /* Assets.xcassets */ = {isa = PBXFileReference; lastKnownFileType = folder.assetcatalog; path = Assets.xcassets; sourceTree = "<group>"; };
		C68FC94D263593CB003F6C6F /* Git Project.app */ = {isa = PBXFileReference; explicitFileType = wrapper.application; includeInIndex = 0; path = "Git Project.app"; sourceTree = BUILT_PRODUCTS_DIR; };
		C68FC950263593CB003F6C6F /* Info.plist */ = {isa = PBXFileReference; lastKnownFileType = text.plist.xml; path = Info.plist; sourceTree = "<group>"; };
		C68FC955263593CB003F6C6F /* Git Project.app */ = {isa = PBXFileReference; explicitFileType = wrapper.application; includeInIndex = 0; path = "Git Project.app"; sourceTree = BUILT_PRODUCTS_DIR; };
		C68FC957263593CB003F6C6F /* Info.plist */ = {isa = PBXFileReference; lastKnownFileType = text.plist.xml; path = Info.plist; sourceTree = "<group>"; };
		C68FC958263593CB003F6C6F /* macOS.entitlements */ = {isa = PBXFileReference; lastKnownFileType = text.plist.entitlements; path = macOS.entitlements; sourceTree = "<group>"; };
/* End PBXFileReference section */

/* Begin PBXFrameworksBuildPhase section */
		C68FC94A263593CB003F6C6F /* Frameworks */ = {
			isa = PBXFrameworksBuildPhase;
			buildActionMask = 2147483647;
			files = (
			);
			runOnlyForDeploymentPostprocessing = 0;
		};
		C68FC952263593CB003F6C6F /* Frameworks */ = {
			isa = PBXFrameworksBuildPhase;
			buildActionMask = 2147483647;
			files = (
			);
			runOnlyForDeploymentPostprocessing = 0;
		};
/* End PBXFrameworksBuildPhase section */

/* Begin PBXGroup section */
		C68FC940263593C2003F6C6F = {
			isa = PBXGroup;
			children = (
				C68FC945263593C2003F6C6F /* Shared */,
				C68FC94F263593CB003F6C6F /* iOS */,
				C68FC956263593CB003F6C6F /* macOS */,
				C68FC94E263593CB003F6C6F /* Products */,
			);
			sourceTree = "<group>";
		};
		C68FC945263593C2003F6C6F /* Shared */ = {
			isa = PBXGroup;
			children = (
				C68FC946263593C2003F6C6F /* Git_ProjectApp.swift */,
				C68FC947263593C2003F6C6F /* ContentView.swift */,
				C68FC948263593CB003F6C6F /* Assets.xcassets */,
			);
			path = Shared;
			sourceTree = "<group>";
		};
		C68FC94E263593CB003F6C6F /* Products */ = {
			isa = PBXGroup;
			children = (
				C68FC94D263593CB003F6C6F /* Git Project.app */,
				C68FC955263593CB003F6C6F /* Git Project.app */,
			);
			name = Products;
			sourceTree = "<group>";
		};
		C68FC94F263593CB003F6C6F /* iOS */ = {
			isa = PBXGroup;
			children = (
				C68FC950263593CB003F6C6F /* Info.plist */,
			);
			path = iOS;
			sourceTree = "<group>";
		};
		C68FC956263593CB003F6C6F /* macOS */ = {
			isa = PBXGroup;
			children = (
				C68FC957263593CB003F6C6F /* Info.plist */,
				C68FC958263593CB003F6C6F /* macOS.entitlements */,
			);
			path = macOS;
			sourceTree = "<group>";
		};
/* End PBXGroup section */

/* Begin PBXNativeTarget section */
		C68FC94C263593CB003F6C6F /* Git Project (iOS) */ = {
			isa = PBXNativeTarget;
			buildConfigurationList = C68FC961263593CB003F6C6F /* Build configuration list for PBXNativeTarget "Git Project (iOS)" */;
			buildPhases = (
				C68FC949263593CB003F6C6F /* Sources */,
				C68FC94A263593CB003F6C6F /* Frameworks */,
				C68FC94B263593CB003F6C6F /* Resources */,
			);
			buildRules = (
			);
			dependencies = (
			);
			name = "Git Project (iOS)";
			productName = "Git Project (iOS)";
			productReference = C68FC94D263593CB003F6C6F /* Git Project.app */;
			productType = "com.apple.product-type.application";
		};
		C68FC954263593CB003F6C6F /* Git Project (macOS) */ = {
			isa = PBXNativeTarget;
			buildConfigurationList = C68FC964263593CB003F6C6F /* Build configuration list for PBXNativeTarget "Git Project (macOS)" */;
			buildPhases = (
				C68FC951263593CB003F6C6F /* Sources */,
				C68FC952263593CB003F6C6F /* Frameworks */,
				C68FC953263593CB003F6C6F /* Resources */,
			);
			buildRules = (
			);
			dependencies = (
			);
			name = "Git Project (macOS)";
			productName = "Git Project (macOS)";
			productReference = C68FC955263593CB003F6C6F /* Git Project.app */;
			productType = "com.apple.product-type.application";
		};
/* End PBXNativeTarget section */

/* Begin PBXProject section */
		C68FC941263593C2003F6C6F /* Project object */ = {
			isa = PBXProject;
			attributes = {
				LastSwiftUpdateCheck = 1240;
				LastUpgradeCheck = 1240;
				TargetAttributes = {
					C68FC94C263593CB003F6C6F = {
						CreatedOnToolsVersion = 12.4;
					};
					C68FC954263593CB003F6C6F = {
						CreatedOnToolsVersion = 12.4;
					};
				};
			};
			buildConfigurationList = C68FC944263593C2003F6C6F /* Build configuration list for PBXProject "Git Project" */;
			compatibilityVersion = "Xcode 9.3";
			developmentRegion = en;
			hasScannedForEncodings = 0;
			knownRegions = (
				en,
				Base,
			);
			mainGroup = C68FC940263593C2003F6C6F;
			productRefGroup = C68FC94E263593CB003F6C6F /* Products */;
			projectDirPath = "";
			projectRoot = "";
			targets = (
				C68FC94C263593CB003F6C6F /* Git Project (iOS) */,
				C68FC954263593CB003F6C6F /* Git Project (macOS) */,
			);
		};
/* End PBXProject section */

/* Begin PBXResourcesBuildPhase section */
		C68FC94B263593CB003F6C6F /* Resources */ = {
			isa = PBXResourcesBuildPhase;
			buildActionMask = 2147483647;
			files = (
				C68FC95D263593CB003F6C6F /* Assets.xcassets in Resources */,
			);
			runOnlyForDeploymentPostprocessing = 0;
		};
		C68FC953263593CB003F6C6F /* Resources */ = {
			isa = PBXResourcesBuildPhase;
			buildActionMask = 2147483647;
			files = (
				C68FC95E263593CB003F6C6F /* Assets.xcassets in Resources */,
			);
			runOnlyForDeploymentPostprocessing = 0;
		};
/* End PBXResourcesBuildPhase section */

/* Begin PBXSourcesBuildPhase section */
		C68FC949263593CB003F6C6F /* Sources */ = {
			isa = PBXSourcesBuildPhase;
			buildActionMask = 2147483647;
			files = (
				C68FC95B263593CB003F6C6F /* ContentView.swift in Sources */,
				C68FC959263593CB003F6C6F /* Git_ProjectApp.swift in Sources */,
			);
			runOnlyForDeploymentPostprocessing = 0;
		};
		C68FC951263593CB003F6C6F /* Sources */ = {
			isa = PBXSourcesBuildPhase;
			buildActionMask = 2147483647;
			files = (
				C68FC95C263593CB003F6C6F /* ContentView.swift in Sources */,
				C68FC95A263593CB003F6C6F /* Git_ProjectApp.swift in Sources */,
			);
			runOnlyForDeploymentPostprocessing = 0;
		};
/* End PBXSourcesBuildPhase section */

/* Begin XCBuildConfiguration section */
		C68FC95F263593CB003F6C6F /* Debug */ = {
			isa = XCBuildConfiguration;
			buildSettings = {
				ALWAYS_SEARCH_USER_PATHS = NO;
				CLANG_ANALYZER_NONNULL = YES;
				CLANG_ANALYZER_NUMBER_OBJECT_CONVERSION = YES_AGGRESSIVE;
				CLANG_CXX_LANGUAGE_STANDARD = "gnu++14";
				CLANG_CXX_LIBRARY = "libc++";
				CLANG_ENABLE_MODULES = YES;
				CLANG_ENABLE_OBJC_ARC = YES;
				CLANG_ENABLE_OBJC_WEAK = YES;
				CLANG_WARN_BLOCK_CAPTURE_AUTORELEASING = YES;
				CLANG_WARN_BOOL_CONVERSION = YES;
				CLANG_WARN_COMMA = YES;
				CLANG_WARN_CONSTANT_CONVERSION = YES;
				CLANG_WARN_DEPRECATED_OBJC_IMPLEMENTATIONS = YES;
				CLANG_WARN_DIRECT_OBJC_ISA_USAGE = YES_ERROR;
				CLANG_WARN_DOCUMENTATION_COMMENTS = YES;
				CLANG_WARN_EMPTY_BODY = YES;
				CLANG_WARN_ENUM_CONVERSION = YES;
				CLANG_WARN_INFINITE_RECURSION = YES;
				CLANG_WARN_INT_CONVERSION = YES;
				CLANG_WARN_NON_LITERAL_NULL_CONVERSION = YES;
				CLANG_WARN_OBJC_IMPLICIT_RETAIN_SELF = YES;
				CLANG_WARN_OBJC_LITERAL_CONVERSION = YES;
				CLANG_WARN_OBJC_ROOT_CLASS = YES_ERROR;
				CLANG_WARN_QUOTED_INCLUDE_IN_FRAMEWORK_HEADER = YES;
				CLANG_WARN_RANGE_LOOP_ANALYSIS = YES;
				CLANG_WARN_STRICT_PROTOTYPES = YES;
				CLANG_WARN_SUSPICIOUS_MOVE = YES;
				CLANG_WARN_UNGUARDED_AVAILABILITY = YES_AGGRESSIVE;
				CLANG_WARN_UNREACHABLE_CODE = YES;
				CLANG_WARN__DUPLICATE_METHOD_MATCH = YES;
				COPY_PHASE_STRIP = NO;
				DEBUG_INFORMATION_FORMAT = dwarf;
				ENABLE_STRICT_OBJC_MSGSEND = YES;
				ENABLE_TESTABILITY = YES;
				GCC_C_LANGUAGE_STANDARD = gnu11;
				GCC_DYNAMIC_NO_PIC = NO;
				GCC_NO_COMMON_BLOCKS = YES;
				GCC_OPTIMIZATION_LEVEL = 0;
				GCC_PREPROCESSOR_DEFINITIONS = (
					"DEBUG=1",
					"$(inherited)",
				);
				GCC_WARN_64_TO_32_BIT_CONVERSION = YES;
				GCC_WARN_ABOUT_RETURN_TYPE = YES_ERROR;
				GCC_WARN_UNDECLARED_SELECTOR = YES;
				GCC_WARN_UNINITIALIZED_AUTOS = YES_AGGRESSIVE;
				GCC_WARN_UNUSED_FUNCTION = YES;
				GCC_WARN_UNUSED_VARIABLE = YES;
				MTL_ENABLE_DEBUG_INFO = INCLUDE_SOURCE;
				MTL_FAST_MATH = YES;
				ONLY_ACTIVE_ARCH = YES;
				SWIFT_ACTIVE_COMPILATION_CONDITIONS = DEBUG;
				SWIFT_OPTIMIZATION_LEVEL = "-Onone";
			};
			name = Debug;
		};
		C68FC960263593CB003F6C6F /* Release */ = {
			isa = XCBuildConfiguration;
			buildSettings = {
				ALWAYS_SEARCH_USER_PATHS = NO;
				CLANG_ANALYZER_NONNULL = YES;
				CLANG_ANALYZER_NUMBER_OBJECT_CONVERSION = YES_AGGRESSIVE;
				CLANG_CXX_LANGUAGE_STANDARD = "gnu++14";
				CLANG_CXX_LIBRARY = "libc++";
				CLANG_ENABLE_MODULES = YES;
				CLANG_ENABLE_OBJC_ARC = YES;
				CLANG_ENABLE_OBJC_WEAK = YES;
				CLANG_WARN_BLOCK_CAPTURE_AUTORELEASING = YES;
				CLANG_WARN_BOOL_CONVERSION = YES;
				CLANG_WARN_COMMA = YES;
				CLANG_WARN_CONSTANT_CONVERSION = YES;
				CLANG_WARN_DEPRECATED_OBJC_IMPLEMENTATIONS = YES;
				CLANG_WARN_DIRECT_OBJC_ISA_USAGE = YES_ERROR;
				CLANG_WARN_DOCUMENTATION_COMMENTS = YES;
				CLANG_WARN_EMPTY_BODY = YES;
				CLANG_WARN_ENUM_CONVERSION = YES;
				CLANG_WARN_INFINITE_RECURSION = YES;
				CLANG_WARN_INT_CONVERSION = YES;
				CLANG_WARN_NON_LITERAL_NULL_CONVERSION = YES;
				CLANG_WARN_OBJC_IMPLICIT_RETAIN_SELF = YES;
				CLANG_WARN_OBJC_LITERAL_CONVERSION = YES;
				CLANG_WARN_OBJC_ROOT_CLASS = YES_ERROR;
				CLANG_WARN_QUOTED_INCLUDE_IN_FRAMEWORK_HEADER = YES;
				CLANG_WARN_RANGE_LOOP_ANALYSIS = YES;
				CLANG_WARN_STRICT_PROTOTYPES = YES;
				CLANG_WARN_SUSPICIOUS_MOVE = YES;
				CLANG_WARN_UNGUARDED_AVAILABILITY = YES_AGGRESSIVE;
				CLANG_WARN_UNREACHABLE_CODE = YES;
				CLANG_WARN__DUPLICATE_METHOD_MATCH = YES;
				COPY_PHASE_STRIP = NO;
				DEBUG_INFORMATION_FORMAT = "dwarf-with-dsym";
				ENABLE_NS_ASSERTIONS = NO;
				ENABLE_STRICT_OBJC_MSGSEND = YES;
				GCC_C_LANGUAGE_STANDARD = gnu11;
				GCC_NO_COMMON_BLOCKS = YES;
				GCC_WARN_64_TO_32_BIT_CONVERSION = YES;
				GCC_WARN_ABOUT_RETURN_TYPE = YES_ERROR;
				GCC_WARN_UNDECLARED_SELECTOR = YES;
				GCC_WARN_UNINITIALIZED_AUTOS = YES_AGGRESSIVE;
				GCC_WARN_UNUSED_FUNCTION = YES;
				GCC_WARN_UNUSED_VARIABLE = YES;
				MTL_ENABLE_DEBUG_INFO = NO;
				MTL_FAST_MATH = YES;
				SWIFT_COMPILATION_MODE = wholemodule;
				SWIFT_OPTIMIZATION_LEVEL = "-O";
			};
			name = Release;
		};
		C68FC962263593CB003F6C6F /* Debug */ = {
			isa = XCBuildConfiguration;
			buildSettings = {
				ASSETCATALOG_COMPILER_APPICON_NAME = AppIcon;
				ASSETCATALOG_COMPILER_GLOBAL_ACCENT_COLOR_NAME = AccentColor;
				CODE_SIGN_STYLE = Automatic;
				DEVELOPMENT_TEAM = 73RX46B4KP;
				ENABLE_PREVIEWS = YES;
				INFOPLIST_FILE = iOS/Info.plist;
				IPHONEOS_DEPLOYMENT_TARGET = 14.0;
				LD_RUNPATH_SEARCH_PATHS = (
					"$(inherited)",
					"@executable_path/Frameworks",
				);
				PRODUCT_BUNDLE_IDENTIFIER = "com.sweazey.psul.Git-Project";
				PRODUCT_NAME = "Git Project";
				SDKROOT = iphoneos;
				SWIFT_VERSION = 5.0;
				TARGETED_DEVICE_FAMILY = "1,2";
			};
			name = Debug;
		};
		C68FC963263593CB003F6C6F /* Release */ = {
			isa = XCBuildConfiguration;
			buildSettings = {
				ASSETCATALOG_COMPILER_APPICON_NAME = AppIcon;
				ASSETCATALOG_COMPILER_GLOBAL_ACCENT_COLOR_NAME = AccentColor;
				CODE_SIGN_STYLE = Automatic;
				DEVELOPMENT_TEAM = 73RX46B4KP;
				ENABLE_PREVIEWS = YES;
				INFOPLIST_FILE = iOS/Info.plist;
				IPHONEOS_DEPLOYMENT_TARGET = 14.0;
				LD_RUNPATH_SEARCH_PATHS = (
					"$(inherited)",
					"@executable_path/Frameworks",
				);
				PRODUCT_BUNDLE_IDENTIFIER = "com.sweazey.psul.Git-Project";
				PRODUCT_NAME = "Git Project";
				SDKROOT = iphoneos;
				SWIFT_VERSION = 5.0;
				TARGETED_DEVICE_FAMILY = "1,2";
				VALIDATE_PRODUCT = YES;
			};
			name = Release;
		};
		C68FC965263593CB003F6C6F /* Debug */ = {
			isa = XCBuildConfiguration;
			buildSettings = {
				ASSETCATALOG_COMPILER_APPICON_NAME = AppIcon;
				ASSETCATALOG_COMPILER_GLOBAL_ACCENT_COLOR_NAME = AccentColor;
				CODE_SIGN_ENTITLEMENTS = macOS/macOS.entitlements;
				CODE_SIGN_STYLE = Automatic;
				COMBINE_HIDPI_IMAGES = YES;
				DEVELOPMENT_TEAM = 73RX46B4KP;
				ENABLE_HARDENED_RUNTIME = YES;
				ENABLE_PREVIEWS = YES;
				INFOPLIST_FILE = macOS/Info.plist;
				LD_RUNPATH_SEARCH_PATHS = (
					"$(inherited)",
					"@executable_path/../Frameworks",
				);
				MACOSX_DEPLOYMENT_TARGET = 11.0;
				PRODUCT_BUNDLE_IDENTIFIER = "com.sweazey.psul.Git-Project";
				PRODUCT_NAME = "Git Project";
				SDKROOT = macosx;
				SWIFT_VERSION = 5.0;
			};
			name = Debug;
		};
		C68FC966263593CB003F6C6F /* Release */ = {
			isa = XCBuildConfiguration;
			buildSettings = {
				ASSETCATALOG_COMPILER_APPICON_NAME = AppIcon;
				ASSETCATALOG_COMPILER_GLOBAL_ACCENT_COLOR_NAME = AccentColor;
				CODE_SIGN_ENTITLEMENTS = macOS/macOS.entitlements;
				CODE_SIGN_STYLE = Automatic;
				COMBINE_HIDPI_IMAGES = YES;
				DEVELOPMENT_TEAM = 73RX46B4KP;
				ENABLE_HARDENED_RUNTIME = YES;
				ENABLE_PREVIEWS = YES;
				INFOPLIST_FILE = macOS/Info.plist;
				LD_RUNPATH_SEARCH_PATHS = (
					"$(inherited)",
					"@executable_path/../Frameworks",
				);
				MACOSX_DEPLOYMENT_TARGET = 11.0;
				PRODUCT_BUNDLE_IDENTIFIER = "com.sweazey.psul.Git-Project";
				PRODUCT_NAME = "Git Project";
				SDKROOT = macosx;
				SWIFT_VERSION = 5.0;
			};
			name = Release;
		};
/* End XCBuildConfiguration section */

/* Begin XCConfigurationList section */
		C68FC944263593C2003F6C6F /* Build configuration list for PBXProject "Git Project" */ = {
			isa = XCConfigurationList;
			buildConfigurations = (
				C68FC95F263593CB003F6C6F /* Debug */,
				C68FC960263593CB003F6C6F /* Release */,
			);
			defaultConfigurationIsVisible = 0;
			defaultConfigurationName = Release;
		};
		C68FC961263593CB003F6C6F /* Build configuration list for PBXNativeTarget "Git Project (iOS)" */ = {
			isa = XCConfigurationList;
			buildConfigurations = (
				C68FC962263593CB003F6C6F /* Debug */,
				C68FC963263593CB003F6C6F /* Release */,
			);
			defaultConfigurationIsVisible = 0;
			defaultConfigurationName = Release;
		};
		C68FC964263593CB003F6C6F /* Build configuration list for PBXNativeTarget "Git Project (macOS)" */ = {
			isa = XCConfigurationList;
			buildConfigurations = (
				C68FC965263593CB003F6C6F /* Debug */,
				C68FC966263593CB003F6C6F /* Release */,
			);
			defaultConfigurationIsVisible = 0;
			defaultConfigurationName = Release;
		};
/* End XCConfigurationList section */
	};
	rootObject = C68FC941263593C2003F6C6F /* Project object */;
}
